github.com/golang/mock v1.2.0 h1:28o5sBqPkBsMGnC6b4MvE2TzSr5/AT4c/1fLqVGIwlk=
github.com/golang/mock v1.2.0/go.mod h1:oTYuIxOrZwtPieC+H1uAHpcLFnEyAGVDL/k47Jfbm0A=
github.com/golang/mock v1.3.0 h1:ucs5V6yub660CdA8W7s8k4Mu7ipSzom1lCvvsZZiT2o=
github.com/golang/mock v1.3.0/go.mod h1:c8YoAQJ7+qIz9IQm9G72MJ4uDcrPeLjkrQ4yYIHdhyw=
github.com/golang/protobuf v1.2.0/go.mod h1:6lQm79b+lXiMfvg/cZm0SGofjICqVBUtrP5yJMmIC1U=
github.com/golang/protobuf v1.3.1 h1:YF8+flBXS5eO826T4nzqPrxfhQThhXl0YzfuUPu4SBg=
github.com/golang/protobuf v1.3.1/go.mod h1:6lQm79b+lXiMfvg/cZm0SGofjICqVBUtrP5yJMmIC1U=
github.com/gqlc/compiler v0.0.0-20190126204013-fb9e80039a2a h1:cJop6JA03Hg5nEUAxCDTYV0NPS1NDgFxsGutv4EBDp0=
github.com/gqlc/compiler v0.0.0-20190126204013-fb9e80039a2a/go.mod h1:eawViZnkxQaZk7tT8LkE0i1NyH0BhlH1+Jcy8Tx1Gc0=
github.com/gqlc/compiler v0.0.0-20190326184126-f1d902cdceec/go.mod h1:FQzSBy8jD26LgGT9ve4VIpdjwYnCZ6u5IWPs7MEt968=
github.com/gqlc/compiler v0.0.0-20190328182843-36a7de5b6916 h1:6ZpI4Z9Ty5FSYTam5CUEDGoBBIoz+0sBB7PEaVoSlto=
github.com/gqlc/compiler v0.0.0-20190328182843-36a7de5b6916/go.mod h1:FQzSBy8jD26LgGT9ve4VIpdjwYnCZ6u5IWPs7MEt968=
github.com/gqlc/compiler v0.0.0-20190328212550-5c3c9d0d88e9 h1:6183kT9Pwc8qOwC63JmUvbPrlWc4/EKG4o8hzR0KWHw=
github.com/gqlc/compiler v0.0.0-20190328212550-5c3c9d0d88e9/go.mod h1:k3iUHVCLlyhHm9iqfOmvUrbGt93UqePQabWSwSWjAOY=
github.com/gqlc/compiler v0.0.0-20190329032008-bde479c3b523/go.mod h1:k3iUHVCLlyhHm9iqfOmvUrbGt93UqePQabWSwSWjAOY=
github.com/gqlc/compiler v0.0.0-20190329033525-0df7458457db h1:VO8R+NSwLZ9qRajxseKK3kggrtmkJuv0pPZoyynF1ho=
github.com/gqlc/compiler v0.0.0-20190329033525-0df7458457db/go.mod h1:k3iUHVCLlyhHm9iqfOmvUrbGt93UqePQabWSwSWjAOY=
github.com/gqlc/compiler v0.0.0-20190401024516-c140b7186745 h1:0RtCZuojDORz2HKxAbTpNU1kqFrPXKWcsbiQO+s8RXA=
github.com/gqlc/compiler v0.0.0-20190401024516-c140b7186745/go.mod h1:k3iUHVCLlyhHm9iqfOmvUrbGt93UqePQabWSwSWjAOY=
github.com/gqlc/compiler v0.0.0-20190428021838-e8f16feda898 h1:TQ4oUHpL6bGeD10LWayECe9l0vzDihrWIdXCq/MHzS4=
github.com/gqlc/compiler v0.0.0-20190428021838-e8f16feda898/go.mod h1:5xYHacxZqw+Rw8kFNwvGA1/5PSpAp/j25nBoEdjhL8Q=
github.com/gqlc/compiler v0.0.0-20190501021318-f96b6f4d97c0/go.mod h1:5xYHacxZqw+Rw8kFNwvGA1/5PSpAp/j25nBoEdjhL8Q=
github.com/gqlc/compiler v0.0.0-20190501032420-7e48e18c62e1 h1:uSDp3OUH5DWYi9LOkbSqPHNidwRdUrV3MyW3jwnDkFc=
github.com/gqlc/compiler v0.0.0-20190501032420-7e48e18c62e1/go.mod h1:5xYHacxZqw+Rw8kFNwvGA1/5PSpAp/j25nBoEdjhL8Q=
github.com/gqlc/compiler v0.0.0-20190502021249-9b717a52feb8 h1:Hz82FuIbO8xWzJV9AsM+MEiwKY7oPLlmE1s+KOqvgDs=
github.com/gqlc/compiler v0.0.0-20190502021249-9b717a52feb8/go.mod h1:kQzqtJcbAh52OciGlaEBzN8YWjSCV5eVI9nDAHppVD4=
github.com/gqlc/compiler v0.0.0-20190502232442-c152460e59c8 h1:H+kZNoHA4pXP9KHH5y4x1yofVphKl87IAwOd531NT8E=
github.com/gqlc/compiler v0.0.0-20190502232442-c152460e59c8/go.mod h1:sz89/A4uAcHXiVE7bi59aYHr4Ocdh0fTw5F3ML7AmBQ=
github.com/gqlc/compiler v0.0.0-20190505030032-2f99802d4194/go.mod h1:dg028Buh+wNW8yvZ5ggSZDqw49smW4ZDN77FrGOFb/g=
github.com/gqlc/compiler v0.0.0-20190505032032-de1a4504cb48 h1:ZuaipqP72/VRQWb7XpmGAD3AG4DrAB9do1oWX9fMnOE=
github.com/gqlc/compiler v0.0.0-20190505032032-de1a4504cb48/go.mod h1:dg028Buh+wNW8yvZ5ggSZDqw49smW4ZDN77FrGOFb/g=
github.com/gqlc/compiler v0.0.0-20190505040904-0a17f28843e0 h1:xBJB/9i2nkd5psrlU1yWZUila0vMhEptV2+c+z9ogOU=
github.com/gqlc/compiler v0.0.0-20190505040904-0a17f28843e0/go.mod h1:dg028Buh+wNW8yvZ5ggSZDqw49smW4ZDN77FrGOFb/g=
github.com/gqlc/compiler v0.0.0-20190505041651-dcf216aa3bad h1:GO+dkyfbnyA+3zuYaisPMKrwafdPFsmYVu7YtYcCW2w=
github.com/gqlc/compiler v0.0.0-20190505041651-dcf216aa3bad/go.mod h1:dg028Buh+wNW8yvZ5ggSZDqw49smW4ZDN77FrGOFb/g=
github.com/gqlc/compiler/dart v0.0.0-20190126204013-fb9e80039a2a h1:b1Kzxs5YDRyXoxIKLGvHBZw/UqvXaRJRYVGVTlCRLgM=
github.com/gqlc/compiler/dart v0.0.0-20190126204013-fb9e80039a2a/go.mod h1:PszSzRjCu2yawTJbBHZuli7cpgc2WrPxGhmCWrhmAqA=
github.com/gqlc/compiler/dart v0.0.0-20190328182843-36a7de5b6916 h1:HusXhgBe/AvFtQO2jRzekP4svhavgMmyQg+Gh9WZKiI=
github.com/gqlc/compiler/dart v0.0.0-20190328182843-36a7de5b6916/go.mod h1:PszSzRjCu2yawTJbBHZuli7cpgc2WrPxGhmCWrhmAqA=
github.com/gqlc/compiler/dart v0.0.0-20190328212550-5c3c9d0d88e9 h1:4mkdAj5ZWSvYVwMo/8KdpCdlB1nsI8py0fzZuTNUccQ=
github.com/gqlc/compiler/dart v0.0.0-20190328212550-5c3c9d0d88e9/go.mod h1:PszSzRjCu2yawTJbBHZuli7cpgc2WrPxGhmCWrhmAqA=
github.com/gqlc/compiler/dart v0.0.0-20190329033525-0df7458457db h1:8LAeBLNSzOJ0EtRgw0014C+OTHYIQIfu4u+sl7m0XyA=
github.com/gqlc/compiler/dart v0.0.0-20190329033525-0df7458457db/go.mod h1:PszSzRjCu2yawTJbBHZuli7cpgc2WrPxGhmCWrhmAqA=
github.com/gqlc/compiler/dart v0.0.0-20190401024516-c140b7186745 h1:/ESnicujl0wJRUqEVEs3aZLueXtXrrcxyRd6a44r7T8=
github.com/gqlc/compiler/dart v0.0.0-20190401024516-c140b7186745/go.mod h1:PszSzRjCu2yawTJbBHZuli7cpgc2WrPxGhmCWrhmAqA=
github.com/gqlc/compiler/dart v0.0.0-20190428021838-e8f16feda898 h1:TNZJOSZh8aHdzOMdL+0aHbNfIEeqb/8FA0kmNu7aYkU=
github.com/gqlc/compiler/dart v0.0.0-20190428021838-e8f16feda898/go.mod h1:PszSzRjCu2yawTJbBHZuli7cpgc2WrPxGhmCWrhmAqA=
github.com/gqlc/compiler/dart v0.0.0-20190501032420-7e48e18c62e1 h1:iqZkUBfjE6Yx9nH+biNUJQkGMIpHc79u9vzSUptOcjc=
github.com/gqlc/compiler/dart v0.0.0-20190501032420-7e48e18c62e1/go.mod h1:PszSzRjCu2yawTJbBHZuli7cpgc2WrPxGhmCWrhmAqA=
github.com/gqlc/compiler/dart v0.0.0-20190502021249-9b717a52feb8 h1:Yml/RneeUblWteACYxSCQhk5qKFo/QzPD/XIS6JkozI=
github.com/gqlc/compiler/dart v0.0.0-20190502021249-9b717a52feb8/go.mod h1:PszSzRjCu2yawTJbBHZuli7cpgc2WrPxGhmCWrhmAqA=
github.com/gqlc/compiler/dart v0.0.0-20190502232442-c152460e59c8 h1:0rlWZ0kqQVGslzK681PFoGB6CmXbtCJsE3jRI851KKw=
github.com/gqlc/compiler/dart v0.0.0-20190502232442-c152460e59c8/go.mod h1:PszSzRjCu2yawTJbBHZuli7cpgc2WrPxGhmCWrhmAqA=
github.com/gqlc/compiler/dart v0.0.0-20190505032032-de1a4504cb48 h1:0364U7qmCPHgnx6lG4AtsbCQgB0WJCDQP68YSsHwvdE=
github.com/gqlc/compiler/dart v0.0.0-20190505032032-de1a4504cb48/go.mod h1:KHjv0aGvm2i02ARHWdg4oP3c5Bor2tbD0Epsd5llt44=
github.com/gqlc/compiler/dart v0.0.0-20190505040904-0a17f28843e0 h1:nA9uAT+6pi5ub7WelR1SEM34pFcGqLPINNaNFKULZO4=
github.com/gqlc/compiler/dart v0.0.0-20190505040904-0a17f28843e0/go.mod h1:KHjv0aGvm2i02ARHWdg4oP3c5Bor2tbD0Epsd5llt44=
github.com/gqlc/compiler/dart v0.0.0-20190505041651-dcf216aa3bad h1:TWvdZIVt8OqPHYsR+y7px62p8a/WsiXPkQnjYyEPT4o=
github.com/gqlc/compiler/dart v0.0.0-20190505041651-dcf216aa3bad/go.mod h1:KHjv0aGvm2i02ARHWdg4oP3c5Bor2tbD0Epsd5llt44=
github.com/gqlc/compiler/doc v0.0.0-20190126204013-fb9e80039a2a h1:gvxJe8LTGXhx/MZYjQ/aeXCWX4Fdb5GM+c8tD7Se8X8=
github.com/gqlc/compiler/doc v0.0.0-20190126204013-fb9e80039a2a/go.mod h1:REon1gYyKw5RzNy7qHktiUnmYQo4SLdwVKoS9K3rdSw=
github.com/gqlc/compiler/doc v0.0.0-20190328182843-36a7de5b6916 h1:r+dYdl+U3cYVnfTaMC+tL1cdoCsyo1KBEucqN+NU5Zk=
github.com/gqlc/compiler/doc v0.0.0-20190328182843-36a7de5b6916/go.mod h1:qroYh50ktiAGmpmIxmpEHYHDenM0uKodZbhkr6C+/6I=
github.com/gqlc/compiler/doc v0.0.0-20190328212550-5c3c9d0d88e9 h1:eeIMsYz9bn0yopSgGvTgaxflWHrmyQVZJKVljW0mfc0=
github.com/gqlc/compiler/doc v0.0.0-20190328212550-5c3c9d0d88e9/go.mod h1:DhNkQu8tBEDmFnhn6wYH0C0QNjsDB7SXmhFu494eUw4=
github.com/gqlc/compiler/doc v0.0.0-20190329033525-0df7458457db h1:js2rlpEdFQHHZyXieVYMDHoVFowc6Y+ThA18k5POrGY=
github.com/gqlc/compiler/doc v0.0.0-20190329033525-0df7458457db/go.mod h1:3W88y4gKERB02pvvXYjjl5oz2wB4rm6XhqRqNowaW3k=
github.com/gqlc/compiler/doc v0.0.0-20190401024516-c140b7186745 h1:BqSJTI4bNlFkhskuAuGDeKlehyCM3tMFTuvSwsMV0RY=
github.com/gqlc/compiler/doc v0.0.0-20190401024516-c140b7186745/go.mod h1:3W88y4gKERB02pvvXYjjl5oz2wB4rm6XhqRqNowaW3k=
github.com/gqlc/compiler/doc v0.0.0-20190428021838-e8f16feda898 h1:TlTdwXWyeY3z2mEhM9uGHeejIIHBhje2A6159gCnhC0=
github.com/gqlc/compiler/doc v0.0.0-20190428021838-e8f16feda898/go.mod h1:3W88y4gKERB02pvvXYjjl5oz2wB4rm6XhqRqNowaW3k=
github.com/gqlc/compiler/doc v0.0.0-20190501032420-7e48e18c62e1 h1:MVpGLR9U1NbsmayE7erFGoMzKJWBzVr+TMhE8aaYz1U=
github.com/gqlc/compiler/doc v0.0.0-20190501032420-7e48e18c62e1/go.mod h1:arx5T8mS+TUjPCkTnr0+r2NYdGVmV5jZgkq/Kt4RU8A=
github.com/gqlc/compiler/doc v0.0.0-20190502021249-9b717a52feb8 h1:E6WwEt3sI5ywAR1KKraZqnV0pvk7VRRLAxaAI+/W0SA=
github.com/gqlc/compiler/doc v0.0.0-20190502021249-9b717a52feb8/go.mod h1:arx5T8mS+TUjPCkTnr0+r2NYdGVmV5jZgkq/Kt4RU8A=
github.com/gqlc/compiler/doc v0.0.0-20190502232442-c152460e59c8 h1:ZVP089zEXxu0ZVMnPWFo/VHSARXRA3Qc1JfejFCleH4=
github.com/gqlc/compiler/doc v0.0.0-20190502232442-c152460e59c8/go.mod h1:arx5T8mS+TUjPCkTnr0+r2NYdGVmV5jZgkq/Kt4RU8A=
github.com/gqlc/compiler/doc v0.0.0-20190505032032-de1a4504cb48 h1:9NoJfFqb2gxygh13UKj5+LUS+9/P4hU8m1VxbJTIsyI=
github.com/gqlc/compiler/doc v0.0.0-20190505032032-de1a4504cb48/go.mod h1:j2kzj4hv3GtJdr2k96e5K2fZAA2yHk+1UV38avnp5Qo=
github.com/gqlc/compiler/doc v0.0.0-20190505040904-0a17f28843e0 h1:y7i2PBrQqE59Gl3tawSYFIXDYEJ16tgE0tOO47s2r7g=
github.com/gqlc/compiler/doc v0.0.0-20190505040904-0a17f28843e0/go.mod h1:j2kzj4hv3GtJdr2k96e5K2fZAA2yHk+1UV38avnp5Qo=
github.com/gqlc/compiler/doc v0.0.0-20190505041651-dcf216aa3bad h1:1ENcTvaRyuODqKzA135bsRr0dMuRrMRWDHt7U1E85P8=
github.com/gqlc/compiler/doc v0.0.0-20190505041651-dcf216aa3bad/go.mod h1:2zEabL9SW7+VCqIukuhfWEP9+GdgTtxeaJEguWL6YZQ=
github.com/gqlc/compiler/golang v0.0.0-20190126204013-fb9e80039a2a h1:JBR/UaZij2sVjkvuhuLpAvxK5ciSHx9TEXi2flK0coY=
github.com/gqlc/compiler/golang v0.0.0-20190126204013-fb9e80039a2a/go.mod h1:lpT4lCC0UQF90LkDl/OuDcaDZEZNZx+BjVg1eRN34kk=
github.com/gqlc/compiler/golang v0.0.0-20190328182843-36a7de5b6916 h1:8/r4ZshXoPL0DGpyom/khcj42QPpFGNHHooCVouIvHk=
github.com/gqlc/compiler/golang v0.0.0-20190328182843-36a7de5b6916/go.mod h1:lpT4lCC0UQF90LkDl/OuDcaDZEZNZx+BjVg1eRN34kk=
github.com/gqlc/compiler/golang v0.0.0-20190328212550-5c3c9d0d88e9 h1:T9dlR9IxVe/L+xbooy5X2kwjCiwEmdKeCzF5m8nh9Ww=
github.com/gqlc/compiler/golang v0.0.0-20190328212550-5c3c9d0d88e9/go.mod h1:lpT4lCC0UQF90LkDl/OuDcaDZEZNZx+BjVg1eRN34kk=
github.com/gqlc/compiler/golang v0.0.0-20190329033525-0df7458457db h1:4nFH153TpcYuKmX1fdqlhHCwh8J3Lh2Mignb+sBj85g=
github.com/gqlc/compiler/golang v0.0.0-20190329033525-0df7458457db/go.mod h1:lpT4lCC0UQF90LkDl/OuDcaDZEZNZx+BjVg1eRN34kk=
github.com/gqlc/compiler/golang v0.0.0-20190401024516-c140b7186745 h1:6GMF0W7GXvKw+YK2pNjB6yDqqF1ipIPZWsLcfiNwVm8=
github.com/gqlc/compiler/golang v0.0.0-20190401024516-c140b7186745/go.mod h1:lpT4lCC0UQF90LkDl/OuDcaDZEZNZx+BjVg1eRN34kk=
github.com/gqlc/compiler/golang v0.0.0-20190428021838-e8f16feda898 h1:117s4j0TxlrVAeqzlziHQ6dy1w5m8SUXqdUbdUBDSbI=
github.com/gqlc/compiler/golang v0.0.0-20190428021838-e8f16feda898/go.mod h1:lpT4lCC0UQF90LkDl/OuDcaDZEZNZx+BjVg1eRN34kk=
github.com/gqlc/compiler/golang v0.0.0-20190501032420-7e48e18c62e1 h1:+pCVPukjsSHTmU0YorJoVLgAHcMr+0eP/4rN98GTiLk=
github.com/gqlc/compiler/golang v0.0.0-20190501032420-7e48e18c62e1/go.mod h1:lpT4lCC0UQF90LkDl/OuDcaDZEZNZx+BjVg1eRN34kk=
github.com/gqlc/compiler/golang v0.0.0-20190502021249-9b717a52feb8 h1:8/er43vypqXRup37aCT5H5ykYU0G0hTuOruuK3P3p5s=
github.com/gqlc/compiler/golang v0.0.0-20190502021249-9b717a52feb8/go.mod h1:lpT4lCC0UQF90LkDl/OuDcaDZEZNZx+BjVg1eRN34kk=
github.com/gqlc/compiler/golang v0.0.0-20190502232442-c152460e59c8 h1:dJX10ILwcV2RhOWKLx6+u6ekZ6TcvvtmI8YqSfO4Hw8=
github.com/gqlc/compiler/golang v0.0.0-20190502232442-c152460e59c8/go.mod h1:lpT4lCC0UQF90LkDl/OuDcaDZEZNZx+BjVg1eRN34kk=
github.com/gqlc/compiler/golang v0.0.0-20190505032032-de1a4504cb48 h1:ECrwXYTU1ARxQ6A4h+V43IlzJsNlTHxdy1ugDK6bT9Y=
github.com/gqlc/compiler/golang v0.0.0-20190505032032-de1a4504cb48/go.mod h1:Fbde/4wPIfA8GiOp1QTC42UvpFtqRMlJoWzMmui3038=
github.com/gqlc/compiler/golang v0.0.0-20190505040904-0a17f28843e0 h1:ODzDNhugelkXw6E9gDi+np3Y0qUYbComgKsLbnuvKmo=
github.com/gqlc/compiler/golang v0.0.0-20190505040904-0a17f28843e0/go.mod h1:Fbde/4wPIfA8GiOp1QTC42UvpFtqRMlJoWzMmui3038=
github.com/gqlc/compiler/golang v0.0.0-20190505041651-dcf216aa3bad h1:D1xJAMJmIxkxiiFDMxG7948F4hZUkvi66VfsJycGf48=
github.com/gqlc/compiler/golang v0.0.0-20190505041651-dcf216aa3bad/go.mod h1:Fbde/4wPIfA8GiOp1QTC42UvpFtqRMlJoWzMmui3038=
github.com/gqlc/compiler/js v0.0.0-20190126204013-fb9e80039a2a h1:teqn1y315FnGU6/xmAm9QApXSnMo2/dm/p8dcQQ1VKY=
github.com/gqlc/compiler/js v0.0.0-20190126204013-fb9e80039a2a/go.mod h1:aGpJHfuN1rGZsCAB1saxufvrYLgpGmlTo8SGitpUmPs=
github.com/gqlc/compiler/js v0.0.0-20190328182843-36a7de5b6916 h1:MMOM/U8ccAUKLNHhmptcRBpc/uzRCR59TMicK9/WVsQ=
github.com/gqlc/compiler/js v0.0.0-20190328182843-36a7de5b6916/go.mod h1:aGpJHfuN1rGZsCAB1saxufvrYLgpGmlTo8SGitpUmPs=
github.com/gqlc/compiler/js v0.0.0-20190328212550-5c3c9d0d88e9 h1:y3yb4bfQ8RuOdGyTirRMaCL01sb8JuSa4gkbWzt6TcM=
github.com/gqlc/compiler/js v0.0.0-20190328212550-5c3c9d0d88e9/go.mod h1:aGpJHfuN1rGZsCAB1saxufvrYLgpGmlTo8SGitpUmPs=
github.com/gqlc/compiler/js v0.0.0-20190329033525-0df7458457db h1:QKyhSJOo/82g6VMv0i98gPRrIFK5dwAUMb5ILtIBGlE=
github.com/gqlc/compiler/js v0.0.0-20190329033525-0df7458457db/go.mod h1:aGpJHfuN1rGZsCAB1saxufvrYLgpGmlTo8SGitpUmPs=
github.com/gqlc/compiler/js v0.0.0-20190401024516-c140b7186745 h1:4VWqknGjVw+r2c+gd4/bRZIDoENVWKw/gJV/ORLO4nc=
github.com/gqlc/compiler/js v0.0.0-20190401024516-c140b7186745/go.mod h1:aGpJHfuN1rGZsCAB1saxufvrYLgpGmlTo8SGitpUmPs=
github.com/gqlc/compiler/js v0.0.0-20190428021838-e8f16feda898 h1:lr5tZmvpvGg7/u5UxBsqbAd6hmw3xT/OE+LWj8J08Xo=
github.com/gqlc/compiler/js v0.0.0-20190428021838-e8f16feda898/go.mod h1:aGpJHfuN1rGZsCAB1saxufvrYLgpGmlTo8SGitpUmPs=
github.com/gqlc/compiler/js v0.0.0-20190501032420-7e48e18c62e1 h1:/nva2vI6Noyxgtt/V5BHtGadlUyX5xH55JgBi7vde1I=
github.com/gqlc/compiler/js v0.0.0-20190501032420-7e48e18c62e1/go.mod h1:aGpJHfuN1rGZsCAB1saxufvrYLgpGmlTo8SGitpUmPs=
github.com/gqlc/compiler/js v0.0.0-20190502021249-9b717a52feb8 h1:3Imm6wGYF0XFiBeycO4T/RPcLT7KiqQHceVDf5Jyytc=
github.com/gqlc/compiler/js v0.0.0-20190502021249-9b717a52feb8/go.mod h1:aGpJHfuN1rGZsCAB1saxufvrYLgpGmlTo8SGitpUmPs=
github.com/gqlc/compiler/js v0.0.0-20190502232442-c152460e59c8 h1:4rvvF3u/snl8hIj+YmZbgJ5zbRtN3+eKNMTd5VfBaCg=
github.com/gqlc/compiler/js v0.0.0-20190502232442-c152460e59c8/go.mod h1:aGpJHfuN1rGZsCAB1saxufvrYLgpGmlTo8SGitpUmPs=
github.com/gqlc/compiler/js v0.0.0-20190505032032-de1a4504cb48 h1:FeYRPBO4rUr2jIiCb+fHK721p8w6KDflcEFDbYKEzOI=
github.com/gqlc/compiler/js v0.0.0-20190505032032-de1a4504cb48/go.mod h1:BWu8nY8oTnx2gOmVNbV3oUOjb3tw+oqPinVY8uR1ppc=
github.com/gqlc/compiler/js v0.0.0-20190505040904-0a17f28843e0 h1:oFcPzal++uLoM7k4crVObs0d6ju04+E0vbWQWtW8ruk=
github.com/gqlc/compiler/js v0.0.0-20190505040904-0a17f28843e0/go.mod h1:BWu8nY8oTnx2gOmVNbV3oUOjb3tw+oqPinVY8uR1ppc=
github.com/gqlc/compiler/js v0.0.0-20190505041651-dcf216aa3bad h1:/UWthvTU9iRuM3nuCh+h37MXC046MzUvfxWiwAyTdoM=
github.com/gqlc/compiler/js v0.0.0-20190505041651-dcf216aa3bad/go.mod h1:BWu8nY8oTnx2gOmVNbV3oUOjb3tw+oqPinVY8uR1ppc=
github.com/gqlc/graphql v0.0.0-20181224042329-5990952e1bf6 h1:o8M983H/gkUMb/GtKIGn3BVPKLURRz9OKlboE6CJGcA=
github.com/gqlc/graphql v0.0.0-20181224042329-5990952e1bf6/go.mod h1:2hk1vC8Py/nF1Ftobzm8nFfbLj0DtJ0FYoRuWqtCmK4=
github.com/gqlc/graphql v0.0.0-20181224050939-6a8600f2f559 h1:uMV40sU0Lc6h1+Y6hOH4aN4UIJanRB8vWCAPTHIP354=
github.com/gqlc/graphql v0.0.0-20181224050939-6a8600f2f559/go.mod h1:2hk1vC8Py/nF1Ftobzm8nFfbLj0DtJ0FYoRuWqtCmK4=
github.com/gqlc/graphql v0.0.0-20190209221855-7b9cbe385629/go.mod h1:2hk1vC8Py/nF1Ftobzm8nFfbLj0DtJ0FYoRuWqtCmK4=
github.com/gqlc/graphql v0.0.0-20190328032418-220cae1d0f7e h1:Ehipn+//OE5MRIKtT05WlxgWnGtTjUdEEUGnKx7KfYA=
github.com/gqlc/graphql v0.0.0-20190328032418-220cae1d0f7e/go.mod h1:2hk1vC8Py/nF1Ftobzm8nFfbLj0DtJ0FYoRuWqtCmK4=
github.com/gqlc/graphql v0.0.0-20190328212309-1e25e1b43103 h1:il/QepgKjVfzqfjrYIYlZd6KQPpwcDyPzOr5eFlruYE=
github.com/gqlc/graphql v0.0.0-20190328212309-1e25e1b43103/go.mod h1:2hk1vC8Py/nF1Ftobzm8nFfbLj0DtJ0FYoRuWqtCmK4=
github.com/gqlc/graphql v0.0.0-20190328224916-5b9bb18a4a88 h1:aIKtZ/Ap9mELz2O2TcotU2b1w0AkxOpwcbIGqJTa+3I=
github.com/gqlc/graphql v0.0.0-20190328224916-5b9bb18a4a88/go.mod h1:2hk1vC8Py/nF1Ftobzm8nFfbLj0DtJ0FYoRuWqtCmK4=
github.com/gqlc/graphql v0.0.0-20190428015357-5328d05da0ee h1:jbuGt22Cm0Uomlozf6s1yPr6Zd9O+UGRPYaf+oph7aA=
github.com/gqlc/graphql v0.0.0-20190428015357-5328d05da0ee/go.mod h1:JfknY73H7DXow76NPKQvvDbp0BiMZnRLyfqgY1UVXV4=
github.com/gqlc/graphql v0.0.0-20190502021106-a7a406483a2c h1:DQtX/krr/uIeCBNjrhatjEQaBy6Tj54nZ4qk7w+PkPk=
github.com/gqlc/graphql v0.0.0-20190502021106-a7a406483a2c/go.mod h1:JfknY73H7DXow76NPKQvvDbp0BiMZnRLyfqgY1UVXV4=
github.com/gqlc/graphql v0.0.0-20190502232319-a2446166b76d h1:LpfMvz+oUOnbdkxzrxQE53TxtuDbvCcYw8Ebspq+ILs=
github.com/gqlc/graphql v0.0.0-20190502232319-a2446166b76d/go.mod h1:JfknY73H7DXow76NPKQvvDbp0BiMZnRLyfqgY1UVXV4=
github.com/gqlc/graphql v0.0.0-20190505012431-28f53297277f h1:kWlzasTubkk+zY6P3MPSbQTgZOx6MLHg0NCor8zbDkE=
github.com/gqlc/graphql v0.0.0-20190505012431-28f53297277f/go.mod h1:jhO1277h2Dw3FA30x14W//NkRmU+7cZxb3S+Vls1bsM=
github.com/inconshreveable/mousetrap v1.0.0 h1:Z8tu5sraLXCXIcARxBp/8cbvlwVa7Z1NHg9XEKhtSvM=
github.com/inconshreveable/mousetrap v1.0.0/go.mod h1:PxqpIevigyE2G7u3NXJIT2ANytuPF1OarO4DADm73n8=
github.com/russross/blackfriday v2.0.0+incompatible h1:cBXrhZNUf9C+La9/YpS+UHpUT8YD6Td9ZMSU9APFcsk=
github.com/russross/blackfriday v2.0.0+incompatible/go.mod h1:JO/DiYxRf+HjHt06OyowR9PTA263kcR/rfWxYHBV53g=
github.com/shurcooL/sanitized_anchor_name v1.0.0 h1:PdmoCO6wvbs+7yrJyMORt4/BmY5IYyJwS/kOiWx8mHo=
github.com/shurcooL/sanitized_anchor_name v1.0.0/go.mod h1:1NzhyTcUVG4SuEtjjoZeVRXNmyL/1OwPU0+IJeTBvfc=
github.com/spf13/afero v1.2.2 h1:5jhuqJyZCZf2JRofRvN/nIFgIWNzPa3/Vz8mYylgbWc=
github.com/spf13/afero v1.2.2/go.mod h1:9ZxEEn6pIJ8Rxe320qSDBk6AsU0r9pR7Q4OcevTdifk=
github.com/spf13/cobra v0.0.3 h1:ZlrZ4XsMRm04Fr5pSFxBgfND2EBVa1nLpiy1stUsX/8=
github.com/spf13/cobra v0.0.3/go.mod h1:1l0Ry5zgKvJasoi3XT1TypsSe7PqH0Sj9dhYf7v3XqQ=
github.com/spf13/pflag v1.0.3 h1:zPAT6CGy6wXeQ7NtTnaTerfKOsV6V6F8agHXFiazDkg=
github.com/spf13/pflag v1.0.3/go.mod h1:DYY7MBk1bdzusC3SYhjObp+wFpr4gzcvqqNjLnInEg4=
gitlab.com/golang-commonmark/html v0.0.0-20180917080848-cfaf75183c4a h1:Ax7kdHNICZiIeFpmevmaEWb0Ae3BUj3zCTKhZHZ+zd0=
gitlab.com/golang-commonmark/html v0.0.0-20180917080848-cfaf75183c4a/go.mod h1:JT4uoTz0tfPoyVH88GZoWDNm5NHJI2VbUW+eyPClueI=
gitlab.com/golang-commonmark/linkify v0.0.0-20180917065525-c22b7bdb1179 h1:rbON2KwBnWuFMlSHM8LELLlwroDRZw6xv0e6il6e5dk=
gitlab.com/golang-commonmark/linkify v0.0.0-20180917065525-c22b7bdb1179/go.mod h1:Gn+LZmCrhPECMD3SOKlE+BOHwhOYD9j7WT9NUtkCrC8=
gitlab.com/golang-commonmark/markdown v0.0.0-20181102083822-772775880e1f h1:jwXy/CsM4xS2aoiF2fHAlukmInWhd2TlWB+HDCyvzKc=
gitlab.com/golang-commonmark/markdown v0.0.0-20181102083822-772775880e1f/go.mod h1:SIHlEr9462fpIfTrVWf3GqQDxnA65Vm3BMMsUtuA6W0=
gitlab.com/golang-commonmark/mdurl v0.0.0-20180912090424-e5bce34c34f2 h1:wD/sPUgx2QJFPTyXZpJnLaROolfeKuruh06U4pRV0WY=
gitlab.com/golang-commonmark/mdurl v0.0.0-20180912090424-e5bce34c34f2/go.mod h1:wQk4rLkWrdOPjUAtqJRJ10hIlseLSVYWP95PLrjDF9s=
gitlab.com/golang-commonmark/puny v0.0.0-20180912090636-2cd490539afe h1:5kUPFAF52umOUPH12MuNUmyVTseJRNBftDl/KfsvX3I=
gitlab.com/golang-commonmark/puny v0.0.0-20180912090636-2cd490539afe/go.mod h1:P9LSM1KVzrIstFgUaveuwiAm8PK5VTB3yJEU8kqlbrU=
gitlab.com/opennota/wd v0.0.0-20180912061657-c5d65f63c638 h1:uPZaMiz6Sz0PZs3IZJWpU5qHKGNy///1pacZC9txiUI=
gitlab.com/opennota/wd v0.0.0-20180912061657-c5d65f63c638/go.mod h1:EGRJaqe2eO9XGmFtQCvV3Lm9NLico3UhFwUpCG/+mVU=
golang.org/x/crypto v0.0.0-20190308221718-c2843e01d9a2/go.mod h1:djNgcEr1/C05ACkg1iLfiJU5Ep61QUkGW8qpdssI0+w=
golang.org/x/crypto v0.0.0-20190424203555-c05e17bb3b2d/go.mod h1:yigFU9vqHzYiE8UmvKecakEJjdnWj3jj499lnFckfCI=
golang.org/x/crypto v0.0.0-20190426145343-a29dc8fdc734/go.mod h1:yigFU9vqHzYiE8UmvKecakEJjdnWj3jj499lnFckfCI=
golang.org/x/net v0.0.0-20180724234803-3673e40ba225/go.mod h1:mL1N/T3taQHkDXs73rZJwtUhF3w3ftmwwsq0BUmARs4=
golang.org/x/net v0.0.0-20190311183353-d8887717615a/go.mod h1:t9HGtf8HONx5eT2rtn7q6eTqICYqUVnKs3thJo3Qplg=
golang.org/x/net v0.0.0-20190404232315-eb5bcb51f2a3/go.mod h1:t9HGtf8HONx5eT2rtn7q6eTqICYqUVnKs3thJo3Qplg=
golang.org/x/net v0.0.0-20190424112056-4829fb13d2c6/go.mod h1:t9HGtf8HONx5eT2rtn7q6eTqICYqUVnKs3thJo3Qplg=
golang.org/x/net v0.0.0-20190501004415-9ce7a6920f09/go.mod h1:t9HGtf8HONx5eT2rtn7q6eTqICYqUVnKs3thJo3Qplg=
golang.org/x/net v0.0.0-20190502183928-7f726cade0ab/go.mod h1:t9HGtf8HONx5eT2rtn7q6eTqICYqUVnKs3thJo3Qplg=
golang.org/x/net v0.0.0-20190503192946-f4e77d36d62c/go.mod h1:t9HGtf8HONx5eT2rtn7q6eTqICYqUVnKs3thJo3Qplg=
golang.org/x/sync v0.0.0-20190423024810-112230192c58/go.mod h1:RxMgew5VJxzue5/jJTE5uejpjVlOe/izrB70Jof72aM=
golang.org/x/sys v0.0.0-20190215142949-d0b11bdaac8a/go.mod h1:STP8DvDyc/dI5b8T5hshtkjS+E42TnysNCUPdjciGhY=
golang.org/x/sys v0.0.0-20190412213103-97732733099d/go.mod h1:h1NjWce9XRLGQEsW7wpKNCjG9DtNlClVuFLEZdDNbEs=
golang.org/x/sys v0.0.0-20190425145619-16072639606e/go.mod h1:h1NjWce9XRLGQEsW7wpKNCjG9DtNlClVuFLEZdDNbEs=
golang.org/x/sys v0.0.0-20190426135247-a129542de9ae/go.mod h1:h1NjWce9XRLGQEsW7wpKNCjG9DtNlClVuFLEZdDNbEs=
golang.org/x/sys v0.0.0-20190429190828-d89cdac9e872/go.mod h1:h1NjWce9XRLGQEsW7wpKNCjG9DtNlClVuFLEZdDNbEs=
golang.org/x/sys v0.0.0-20190502175342-a43fa875dd82/go.mod h1:h1NjWce9XRLGQEsW7wpKNCjG9DtNlClVuFLEZdDNbEs=
golang.org/x/text v0.3.0 h1:g61tztE5qeGQ89tm6NTjjM9VPIm088od1l6aSorWRWg=
golang.org/x/text v0.3.0/go.mod h1:NqM8EUOU14njkJ3fqMW+pc6Ldnwhi/IjpwHt7yyuwOQ=
golang.org/x/text v0.3.1/go.mod h1:bEr9sfX3Q8Zfm5fL9x+3itogRgK3+ptLWKqgva+5dAk=
golang.org/x/text v0.3.2 h1:tW2bmiBqwgJj/UpqtC8EpXEZVYOwU0yG4iWbprSVAcs=
golang.org/x/text v0.3.2/go.mod h1:bEr9sfX3Q8Zfm5fL9x+3itogRgK3+ptLWKqgva+5dAk=
golang.org/x/tools v0.0.0-20180917221912-90fa682c2a6e/go.mod h1:n7NCudcB/nEzxVGmLbDWY5pfWTLqBcC2KZ6jyYvM4mQ=
golang.org/x/tools v0.0.0-20190425150028-36563e24a262/go.mod h1:RgjU9mgBXZiqYHBnxXauZ1Gv1EHHAz9KjViQ78xBX0Q=
golang.org/x/tools v0.0.0-20190425222832-ad9eeb80039a/go.mod h1:RgjU9mgBXZiqYHBnxXauZ1Gv1EHHAz9KjViQ78xBX0Q=
golang.org/x/tools v0.0.0-20190430194229-2d28432af7a5/go.mod h1:RgjU9mgBXZiqYHBnxXauZ1Gv1EHHAz9KjViQ78xBX0Q=
golang.org/x/tools v0.0.0-20190501045030-23463209683d/go.mod h1:RgjU9mgBXZiqYHBnxXauZ1Gv1EHHAz9KjViQ78xBX0Q=
golang.org/x/tools v0.0.0-20190503185657-3b6f9c0030f7/go.mod h1:RgjU9mgBXZiqYHBnxXauZ1Gv1EHHAz9KjViQ78xBX0Q=
google.golang.org/appengine v1.5.0/go.mod h1:xpcJRLb0r/rnEns0DIKYYv+WjYCduHsrkT7/EB5XEv4=
