github.com/gqlc/compiler v0.0.0-20190126204013-fb9e80039a2a h1:cJop6JA03Hg5nEUAxCDTYV0NPS1NDgFxsGutv4EBDp0=
github.com/gqlc/compiler v0.0.0-20190126204013-fb9e80039a2a/go.mod h1:eawViZnkxQaZk7tT8LkE0i1NyH0BhlH1+Jcy8Tx1Gc0=
github.com/gqlc/compiler/dart v0.0.0-20190126204013-fb9e80039a2a h1:b1Kzxs5YDRyXoxIKLGvHBZw/UqvXaRJRYVGVTlCRLgM=
github.com/gqlc/compiler/dart v0.0.0-20190126204013-fb9e80039a2a/go.mod h1:PszSzRjCu2yawTJbBHZuli7cpgc2WrPxGhmCWrhmAqA=
github.com/gqlc/compiler/doc v0.0.0-20190126204013-fb9e80039a2a h1:gvxJe8LTGXhx/MZYjQ/aeXCWX4Fdb5GM+c8tD7Se8X8=
github.com/gqlc/compiler/doc v0.0.0-20190126204013-fb9e80039a2a/go.mod h1:REon1gYyKw5RzNy7qHktiUnmYQo4SLdwVKoS9K3rdSw=
github.com/gqlc/compiler/golang v0.0.0-20190126204013-fb9e80039a2a h1:JBR/UaZij2sVjkvuhuLpAvxK5ciSHx9TEXi2flK0coY=
github.com/gqlc/compiler/golang v0.0.0-20190126204013-fb9e80039a2a/go.mod h1:lpT4lCC0UQF90LkDl/OuDcaDZEZNZx+BjVg1eRN34kk=
github.com/gqlc/compiler/js v0.0.0-20190126204013-fb9e80039a2a h1:teqn1y315FnGU6/xmAm9QApXSnMo2/dm/p8dcQQ1VKY=
github.com/gqlc/compiler/js v0.0.0-20190126204013-fb9e80039a2a/go.mod h1:aGpJHfuN1rGZsCAB1saxufvrYLgpGmlTo8SGitpUmPs=
github.com/gqlc/graphql v0.0.0-20181224042329-5990952e1bf6 h1:o8M983H/gkUMb/GtKIGn3BVPKLURRz9OKlboE6CJGcA=
github.com/gqlc/graphql v0.0.0-20181224042329-5990952e1bf6/go.mod h1:2hk1vC8Py/nF1Ftobzm8nFfbLj0DtJ0FYoRuWqtCmK4=
github.com/gqlc/graphql v0.0.0-20181224050939-6a8600f2f559 h1:uMV40sU0Lc6h1+Y6hOH4aN4UIJanRB8vWCAPTHIP354=
github.com/gqlc/graphql v0.0.0-20181224050939-6a8600f2f559/go.mod h1:2hk1vC8Py/nF1Ftobzm8nFfbLj0DtJ0FYoRuWqtCmK4=
github.com/inconshreveable/mousetrap v1.0.0 h1:Z8tu5sraLXCXIcARxBp/8cbvlwVa7Z1NHg9XEKhtSvM=
github.com/inconshreveable/mousetrap v1.0.0/go.mod h1:PxqpIevigyE2G7u3NXJIT2ANytuPF1OarO4DADm73n8=
github.com/spf13/cobra v0.0.3 h1:ZlrZ4XsMRm04Fr5pSFxBgfND2EBVa1nLpiy1stUsX/8=
github.com/spf13/cobra v0.0.3/go.mod h1:1l0Ry5zgKvJasoi3XT1TypsSe7PqH0Sj9dhYf7v3XqQ=
github.com/spf13/pflag v1.0.3 h1:zPAT6CGy6wXeQ7NtTnaTerfKOsV6V6F8agHXFiazDkg=
github.com/spf13/pflag v1.0.3/go.mod h1:DYY7MBk1bdzusC3SYhjObp+wFpr4gzcvqqNjLnInEg4=
