github.com/Zaba505/gqlc v0.0.0-20181218171234-b69d19cefdf6 h1:TsZcrzA7fzkfleiE1M15m3GTBP+1pN7j84wCevl1CyI=
github.com/Zaba505/gqlc v0.0.0-20181218171234-b69d19cefdf6/go.mod h1:tLekfHRfRCO8CV5qbXqdraCrvhH8+ftqjM0o4NnHBnE=
github.com/Zaba505/gqlc v0.0.0-20181218182411-6a4ee5965bea h1:1nK5CrvHpjKmFjz79Fs26fQC1DUzHqGNOX9/4AgTT3Q=
github.com/Zaba505/gqlc v0.0.0-20181218182411-6a4ee5965bea/go.mod h1:tLekfHRfRCO8CV5qbXqdraCrvhH8+ftqjM0o4NnHBnE=
github.com/Zaba505/gqlc/compiler/dart v0.0.0-20181218182411-6a4ee5965bea h1:d9qmMSB6hmehnFPIkRAD6NKp5kkZoA/KE6cR0+kvuZE=
github.com/Zaba505/gqlc/compiler/dart v0.0.0-20181218182411-6a4ee5965bea/go.mod h1:NWKYQh6CeyJF9A5lqiZYS7kkplNFtDGyJceatG/CYdQ=
github.com/Zaba505/gqlc/compiler/doc v0.0.0-20181218182411-6a4ee5965bea h1:GadMHjYU1FM829fj1FYkSgLYMkh64bzVi4moIGKNb+U=
github.com/Zaba505/gqlc/compiler/doc v0.0.0-20181218182411-6a4ee5965bea/go.mod h1:GpPkjr8EmgxZWn4ZIwzS3ylTxVo2IZwRGQ1at2Iaj1Q=
github.com/Zaba505/gqlc/compiler/golang v0.0.0-20181218182411-6a4ee5965bea h1:VLx3C70AvwPrXsNfzK0ey/tlVkqHp4XTeOmo+p/LtXw=
github.com/Zaba505/gqlc/compiler/golang v0.0.0-20181218182411-6a4ee5965bea/go.mod h1:Dads7Pez3Pc+EL7nvG/rD/BWocrCdQo2iiN2yBHk0SU=
github.com/Zaba505/gqlc/compiler/js v0.0.0-20181218182411-6a4ee5965bea h1:4QdDRLQez65+ZEWyAxBY5NldUrrx5rUwj8/LepDnlJ8=
github.com/Zaba505/gqlc/compiler/js v0.0.0-20181218182411-6a4ee5965bea/go.mod h1:nHcwD8FFJwzoe0uJw0IRWlVQxKJYQEcJ5l4kjOuNOTc=
github.com/inconshreveable/mousetrap v1.0.0 h1:Z8tu5sraLXCXIcARxBp/8cbvlwVa7Z1NHg9XEKhtSvM=
github.com/inconshreveable/mousetrap v1.0.0/go.mod h1:PxqpIevigyE2G7u3NXJIT2ANytuPF1OarO4DADm73n8=
github.com/spf13/cobra v0.0.3 h1:ZlrZ4XsMRm04Fr5pSFxBgfND2EBVa1nLpiy1stUsX/8=
github.com/spf13/cobra v0.0.3/go.mod h1:1l0Ry5zgKvJasoi3XT1TypsSe7PqH0Sj9dhYf7v3XqQ=
github.com/spf13/pflag v1.0.3 h1:zPAT6CGy6wXeQ7NtTnaTerfKOsV6V6F8agHXFiazDkg=
github.com/spf13/pflag v1.0.3/go.mod h1:DYY7MBk1bdzusC3SYhjObp+wFpr4gzcvqqNjLnInEg4=
