github.com/Zaba505/gqlc v0.0.0-20181218045653-e0823b39ef15 h1:KXaXjNmxCSPZvp8ZJmYCB7r/v1nm9FYLE1EfRSGd9xQ=
github.com/Zaba505/gqlc v0.0.0-20181218045653-e0823b39ef15/go.mod h1:tLekfHRfRCO8CV5qbXqdraCrvhH8+ftqjM0o4NnHBnE=
github.com/Zaba505/gqlc v0.0.0-20181218171234-b69d19cefdf6 h1:TsZcrzA7fzkfleiE1M15m3GTBP+1pN7j84wCevl1CyI=
github.com/Zaba505/gqlc v0.0.0-20181218171234-b69d19cefdf6/go.mod h1:tLekfHRfRCO8CV5qbXqdraCrvhH8+ftqjM0o4NnHBnE=
